// !$*UTF8*$!
{
	archiveVersion = 1;
	classes = {
	};
	objectVersion = 46;
	objects = {

/* Begin PBXBuildFile section */
		4A2A5F072015EFC80056A470 /* main.m in Sources */ = {isa = PBXBuildFile; fileRef = 4A2A5F062015EFC80056A470 /* main.m */; };
		4A2A5F0A2015EFC80056A470 /* AppDelegate.m in Sources */ = {isa = PBXBuildFile; fileRef = 4A2A5F092015EFC80056A470 /* AppDelegate.m */; };
		4A2A5F102015EFC80056A470 /* Main.storyboard in Resources */ = {isa = PBXBuildFile; fileRef = 4A2A5F0E2015EFC80056A470 /* Main.storyboard */; };
		4A2A5F122015EFC80056A470 /* Assets.xcassets in Resources */ = {isa = PBXBuildFile; fileRef = 4A2A5F112015EFC80056A470 /* Assets.xcassets */; };
		4A2A5F152015EFC80056A470 /* LaunchScreen.storyboard in Resources */ = {isa = PBXBuildFile; fileRef = 4A2A5F132015EFC80056A470 /* LaunchScreen.storyboard */; };
		4A2A5F1E2015F06B0056A470 /* CGUI.m in Sources */ = {isa = PBXBuildFile; fileRef = 4A2A5F1D2015F06B0056A470 /* CGUI.m */; };
		4A2A5F212015F0DA0056A470 /* Object_GG.m in Sources */ = {isa = PBXBuildFile; fileRef = 4A2A5F202015F0DA0056A470 /* Object_GG.m */; };
		4A2A5F242015F1780056A470 /* Scene_VC.m in Sources */ = {isa = PBXBuildFile; fileRef = 4A2A5F232015F1780056A470 /* Scene_VC.m */; };
		4A2A5F272015F1B50056A470 /* MainGameGunFire2018.m in Sources */ = {isa = PBXBuildFile; fileRef = 4A2A5F262015F1B50056A470 /* MainGameGunFire2018.m */; };
		4A2A5F2A2015F20D0056A470 /* User.m in Sources */ = {isa = PBXBuildFile; fileRef = 4A2A5F292015F20D0056A470 /* User.m */; };
		4A2A5F2D2015F24D0056A470 /* Armored_item.m in Sources */ = {isa = PBXBuildFile; fileRef = 4A2A5F2C2015F24D0056A470 /* Armored_item.m */; };
		4A2A5F302015F28B0056A470 /* HeadGear_item.m in Sources */ = {isa = PBXBuildFile; fileRef = 4A2A5F2F2015F28B0056A470 /* HeadGear_item.m */; };
		4A2A5F332015F2C00056A470 /* Map.m in Sources */ = {isa = PBXBuildFile; fileRef = 4A2A5F322015F2C00056A470 /* Map.m */; };
		4A2A5F362015F30A0056A470 /* Pan_item.m in Sources */ = {isa = PBXBuildFile; fileRef = 4A2A5F352015F30A0056A470 /* Pan_item.m */; };
		4A2A5F3D2015F41C0056A470 /* maps.png in Resources */ = {isa = PBXBuildFile; fileRef = 4A2A5F3C2015F41C0056A470 /* maps.png */; };
		4A2A5F472015F4600056A470 /* armored_item_0.png in Resources */ = {isa = PBXBuildFile; fileRef = 4A2A5F3E2015F4600056A470 /* armored_item_0.png */; };
		4A2A5F482015F4600056A470 /* armored_item_1.png in Resources */ = {isa = PBXBuildFile; fileRef = 4A2A5F3F2015F4600056A470 /* armored_item_1.png */; };
		4A2A5F492015F4600056A470 /* armored_item_2.png in Resources */ = {isa = PBXBuildFile; fileRef = 4A2A5F402015F4600056A470 /* armored_item_2.png */; };
		4A2A5F4A2015F4600056A470 /* headgear_item_0.png in Resources */ = {isa = PBXBuildFile; fileRef = 4A2A5F412015F4600056A470 /* headgear_item_0.png */; };
		4A2A5F4B2015F4600056A470 /* headgear_item_1.png in Resources */ = {isa = PBXBuildFile; fileRef = 4A2A5F422015F4600056A470 /* headgear_item_1.png */; };
		4A2A5F4C2015F4600056A470 /* headgear_item_2.png in Resources */ = {isa = PBXBuildFile; fileRef = 4A2A5F432015F4600056A470 /* headgear_item_2.png */; };
		4A2A5F4D2015F4600056A470 /* hodie.png in Resources */ = {isa = PBXBuildFile; fileRef = 4A2A5F442015F4600056A470 /* hodie.png */; };
		4A2A5F4E2015F4600056A470 /* Oval.png in Resources */ = {isa = PBXBuildFile; fileRef = 4A2A5F452015F4600056A470 /* Oval.png */; };
		4A2A5F4F2015F4600056A470 /* pan.png in Resources */ = {isa = PBXBuildFile; fileRef = 4A2A5F462015F4600056A470 /* pan.png */; };
		4A2A5F522015F48D0056A470 /* left.png in Resources */ = {isa = PBXBuildFile; fileRef = 4A2A5F502015F48D0056A470 /* left.png */; };
		4A2A5F532015F48D0056A470 /* right.png in Resources */ = {isa = PBXBuildFile; fileRef = 4A2A5F512015F48D0056A470 /* right.png */; };
/* End PBXBuildFile section */

/* Begin PBXFileReference section */
		4A2A5F022015EFC80056A470 /* OPP_GAME.app */ = {isa = PBXFileReference; explicitFileType = wrapper.application; includeInIndex = 0; path = OPP_GAME.app; sourceTree = BUILT_PRODUCTS_DIR; };
		4A2A5F062015EFC80056A470 /* main.m */ = {isa = PBXFileReference; lastKnownFileType = sourcecode.c.objc; path = main.m; sourceTree = "<group>"; };
		4A2A5F082015EFC80056A470 /* AppDelegate.h */ = {isa = PBXFileReference; lastKnownFileType = sourcecode.c.h; path = AppDelegate.h; sourceTree = "<group>"; };
		4A2A5F092015EFC80056A470 /* AppDelegate.m */ = {isa = PBXFileReference; lastKnownFileType = sourcecode.c.objc; path = AppDelegate.m; sourceTree = "<group>"; };
		4A2A5F0F2015EFC80056A470 /* Base */ = {isa = PBXFileReference; lastKnownFileType = file.storyboard; name = Base; path = Base.lproj/Main.storyboard; sourceTree = "<group>"; };
		4A2A5F112015EFC80056A470 /* Assets.xcassets */ = {isa = PBXFileReference; lastKnownFileType = folder.assetcatalog; path = Assets.xcassets; sourceTree = "<group>"; };
		4A2A5F142015EFC80056A470 /* Base */ = {isa = PBXFileReference; lastKnownFileType = file.storyboard; name = Base; path = Base.lproj/LaunchScreen.storyboard; sourceTree = "<group>"; };
		4A2A5F162015EFC80056A470 /* Info.plist */ = {isa = PBXFileReference; lastKnownFileType = text.plist.xml; path = Info.plist; sourceTree = "<group>"; };
		4A2A5F1C2015F06B0056A470 /* CGUI.h */ = {isa = PBXFileReference; fileEncoding = 4; lastKnownFileType = sourcecode.c.h; path = CGUI.h; sourceTree = "<group>"; };
		4A2A5F1D2015F06B0056A470 /* CGUI.m */ = {isa = PBXFileReference; fileEncoding = 4; lastKnownFileType = sourcecode.c.objc; path = CGUI.m; sourceTree = "<group>"; };
		4A2A5F1F2015F0DA0056A470 /* Object_GG.h */ = {isa = PBXFileReference; fileEncoding = 4; lastKnownFileType = sourcecode.c.h; path = Object_GG.h; sourceTree = "<group>"; };
		4A2A5F202015F0DA0056A470 /* Object_GG.m */ = {isa = PBXFileReference; fileEncoding = 4; lastKnownFileType = sourcecode.c.objc; path = Object_GG.m; sourceTree = "<group>"; };
		4A2A5F222015F1780056A470 /* Scene_VC.h */ = {isa = PBXFileReference; fileEncoding = 4; lastKnownFileType = sourcecode.c.h; path = Scene_VC.h; sourceTree = "<group>"; };
		4A2A5F232015F1780056A470 /* Scene_VC.m */ = {isa = PBXFileReference; fileEncoding = 4; lastKnownFileType = sourcecode.c.objc; path = Scene_VC.m; sourceTree = "<group>"; };
		4A2A5F252015F1B50056A470 /* MainGameGunFire2018.h */ = {isa = PBXFileReference; fileEncoding = 4; lastKnownFileType = sourcecode.c.h; path = MainGameGunFire2018.h; sourceTree = "<group>"; };
		4A2A5F262015F1B50056A470 /* MainGameGunFire2018.m */ = {isa = PBXFileReference; fileEncoding = 4; lastKnownFileType = sourcecode.c.objc; path = MainGameGunFire2018.m; sourceTree = "<group>"; };
		4A2A5F282015F20D0056A470 /* User.h */ = {isa = PBXFileReference; fileEncoding = 4; lastKnownFileType = sourcecode.c.h; path = User.h; sourceTree = "<group>"; };
		4A2A5F292015F20D0056A470 /* User.m */ = {isa = PBXFileReference; fileEncoding = 4; lastKnownFileType = sourcecode.c.objc; path = User.m; sourceTree = "<group>"; };
		4A2A5F2B2015F24D0056A470 /* Armored_item.h */ = {isa = PBXFileReference; fileEncoding = 4; lastKnownFileType = sourcecode.c.h; path = Armored_item.h; sourceTree = "<group>"; };
		4A2A5F2C2015F24D0056A470 /* Armored_item.m */ = {isa = PBXFileReference; fileEncoding = 4; lastKnownFileType = sourcecode.c.objc; path = Armored_item.m; sourceTree = "<group>"; };
		4A2A5F2E2015F28B0056A470 /* HeadGear_item.h */ = {isa = PBXFileReference; fileEncoding = 4; lastKnownFileType = sourcecode.c.h; path = HeadGear_item.h; sourceTree = "<group>"; };
		4A2A5F2F2015F28B0056A470 /* HeadGear_item.m */ = {isa = PBXFileReference; fileEncoding = 4; lastKnownFileType = sourcecode.c.objc; path = HeadGear_item.m; sourceTree = "<group>"; };
		4A2A5F312015F2C00056A470 /* Map.h */ = {isa = PBXFileReference; fileEncoding = 4; lastKnownFileType = sourcecode.c.h; path = Map.h; sourceTree = "<group>"; };
		4A2A5F322015F2C00056A470 /* Map.m */ = {isa = PBXFileReference; fileEncoding = 4; lastKnownFileType = sourcecode.c.objc; path = Map.m; sourceTree = "<group>"; };
		4A2A5F342015F30A0056A470 /* Pan_item.h */ = {isa = PBXFileReference; fileEncoding = 4; lastKnownFileType = sourcecode.c.h; name = Pan_item.h; path = ../Pan_item.h; sourceTree = "<group>"; };
		4A2A5F352015F30A0056A470 /* Pan_item.m */ = {isa = PBXFileReference; fileEncoding = 4; lastKnownFileType = sourcecode.c.objc; name = Pan_item.m; path = ../Pan_item.m; sourceTree = "<group>"; };
		4A2A5F3C2015F41C0056A470 /* maps.png */ = {isa = PBXFileReference; lastKnownFileType = image.png; path = maps.png; sourceTree = "<group>"; };
		4A2A5F3E2015F4600056A470 /* armored_item_0.png */ = {isa = PBXFileReference; lastKnownFileType = image.png; path = armored_item_0.png; sourceTree = "<group>"; };
		4A2A5F3F2015F4600056A470 /* armored_item_1.png */ = {isa = PBXFileReference; lastKnownFileType = image.png; path = armored_item_1.png; sourceTree = "<group>"; };
		4A2A5F402015F4600056A470 /* armored_item_2.png */ = {isa = PBXFileReference; lastKnownFileType = image.png; path = armored_item_2.png; sourceTree = "<group>"; };
		4A2A5F412015F4600056A470 /* headgear_item_0.png */ = {isa = PBXFileReference; lastKnownFileType = image.png; path = headgear_item_0.png; sourceTree = "<group>"; };
		4A2A5F422015F4600056A470 /* headgear_item_1.png */ = {isa = PBXFileReference; lastKnownFileType = image.png; path = headgear_item_1.png; sourceTree = "<group>"; };
		4A2A5F432015F4600056A470 /* headgear_item_2.png */ = {isa = PBXFileReference; lastKnownFileType = image.png; path = headgear_item_2.png; sourceTree = "<group>"; };
		4A2A5F442015F4600056A470 /* hodie.png */ = {isa = PBXFileReference; lastKnownFileType = image.png; path = hodie.png; sourceTree = "<group>"; };
		4A2A5F452015F4600056A470 /* Oval.png */ = {isa = PBXFileReference; lastKnownFileType = image.png; path = Oval.png; sourceTree = "<group>"; };
		4A2A5F462015F4600056A470 /* pan.png */ = {isa = PBXFileReference; lastKnownFileType = image.png; path = pan.png; sourceTree = "<group>"; };
		4A2A5F502015F48D0056A470 /* left.png */ = {isa = PBXFileReference; lastKnownFileType = image.png; path = left.png; sourceTree = "<group>"; };
		4A2A5F512015F48D0056A470 /* right.png */ = {isa = PBXFileReference; lastKnownFileType = image.png; path = right.png; sourceTree = "<group>"; };
/* End PBXFileReference section */

/* Begin PBXFrameworksBuildPhase section */
		4A2A5EFF2015EFC80056A470 /* Frameworks */ = {
			isa = PBXFrameworksBuildPhase;
			buildActionMask = 2147483647;
			files = (
			);
			runOnlyForDeploymentPostprocessing = 0;
		};
/* End PBXFrameworksBuildPhase section */

/* Begin PBXGroup section */
		4A2A5EF92015EFC80056A470 = {
			isa = PBXGroup;
			children = (
				4A2A5F042015EFC80056A470 /* OPP_GAME */,
				4A2A5F032015EFC80056A470 /* Products */,
			);
			sourceTree = "<group>";
		};
		4A2A5F032015EFC80056A470 /* Products */ = {
			isa = PBXGroup;
			children = (
				4A2A5F022015EFC80056A470 /* OPP_GAME.app */,
			);
			name = Products;
			sourceTree = "<group>";
		};
		4A2A5F042015EFC80056A470 /* OPP_GAME */ = {
			isa = PBXGroup;
			children = (
				4A2A5F372015F33D0056A470 /* iCore */,
				4A2A5F3A2015F3DE0056A470 /* View */,
				4A2A5F382015F3660056A470 /* Obj_item */,
				4A2A5F3B2015F40B0056A470 /* Img */,
				4A2A5F052015EFC80056A470 /* Supporting Files */,
			);
			path = OPP_GAME;
			sourceTree = "<group>";
		};
		4A2A5F052015EFC80056A470 /* Supporting Files */ = {
			isa = PBXGroup;
			children = (
				4A2A5F062015EFC80056A470 /* main.m */,
				4A2A5F0E2015EFC80056A470 /* Main.storyboard */,
				4A2A5F112015EFC80056A470 /* Assets.xcassets */,
				4A2A5F132015EFC80056A470 /* LaunchScreen.storyboard */,
				4A2A5F162015EFC80056A470 /* Info.plist */,
			);
			name = "Supporting Files";
			sourceTree = "<group>";
		};
		4A2A5F372015F33D0056A470 /* iCore */ = {
			isa = PBXGroup;
			children = (
				4A2A5F082015EFC80056A470 /* AppDelegate.h */,
				4A2A5F092015EFC80056A470 /* AppDelegate.m */,
				4A2A5F1C2015F06B0056A470 /* CGUI.h */,
				4A2A5F1D2015F06B0056A470 /* CGUI.m */,
			);
			name = iCore;
			sourceTree = "<group>";
		};
		4A2A5F382015F3660056A470 /* Obj_item */ = {
			isa = PBXGroup;
			children = (
				4A2A5F1F2015F0DA0056A470 /* Object_GG.h */,
				4A2A5F202015F0DA0056A470 /* Object_GG.m */,
				4A2A5F282015F20D0056A470 /* User.h */,
				4A2A5F292015F20D0056A470 /* User.m */,
				4A2A5F312015F2C00056A470 /* Map.h */,
				4A2A5F322015F2C00056A470 /* Map.m */,
				4A2A5F392015F39E0056A470 /* item */,
			);
			name = Obj_item;
			sourceTree = "<group>";
		};
		4A2A5F392015F39E0056A470 /* item */ = {
			isa = PBXGroup;
			children = (
				4A2A5F2B2015F24D0056A470 /* Armored_item.h */,
				4A2A5F2C2015F24D0056A470 /* Armored_item.m */,
				4A2A5F2E2015F28B0056A470 /* HeadGear_item.h */,
				4A2A5F2F2015F28B0056A470 /* HeadGear_item.m */,
				4A2A5F342015F30A0056A470 /* Pan_item.h */,
				4A2A5F352015F30A0056A470 /* Pan_item.m */,
			);
			name = item;
			sourceTree = "<group>";
		};
		4A2A5F3A2015F3DE0056A470 /* View */ = {
			isa = PBXGroup;
			children = (
				4A2A5F222015F1780056A470 /* Scene_VC.h */,
				4A2A5F232015F1780056A470 /* Scene_VC.m */,
				4A2A5F252015F1B50056A470 /* MainGameGunFire2018.h */,
				4A2A5F262015F1B50056A470 /* MainGameGunFire2018.m */,
			);
			name = View;
			sourceTree = "<group>";
		};
		4A2A5F3B2015F40B0056A470 /* Img */ = {
			isa = PBXGroup;
			children = (
				4A2A5F3C2015F41C0056A470 /* maps.png */,
				4A2A5F3E2015F4600056A470 /* armored_item_0.png */,
				4A2A5F3F2015F4600056A470 /* armored_item_1.png */,
				4A2A5F402015F4600056A470 /* armored_item_2.png */,
				4A2A5F412015F4600056A470 /* headgear_item_0.png */,
				4A2A5F422015F4600056A470 /* headgear_item_1.png */,
				4A2A5F502015F48D0056A470 /* left.png */,
				4A2A5F512015F48D0056A470 /* right.png */,
				4A2A5F432015F4600056A470 /* headgear_item_2.png */,
				4A2A5F442015F4600056A470 /* hodie.png */,
				4A2A5F452015F4600056A470 /* Oval.png */,
				4A2A5F462015F4600056A470 /* pan.png */,
			);
			name = Img;
			sourceTree = "<group>";
		};
/* End PBXGroup section */

/* Begin PBXNativeTarget section */
		4A2A5F012015EFC80056A470 /* OPP_GAME */ = {
			isa = PBXNativeTarget;
			buildConfigurationList = 4A2A5F192015EFC80056A470 /* Build configuration list for PBXNativeTarget "OPP_GAME" */;
			buildPhases = (
				4A2A5EFE2015EFC80056A470 /* Sources */,
				4A2A5EFF2015EFC80056A470 /* Frameworks */,
				4A2A5F002015EFC80056A470 /* Resources */,
			);
			buildRules = (
			);
			dependencies = (
			);
			name = OPP_GAME;
			productName = OPP_GAME;
			productReference = 4A2A5F022015EFC80056A470 /* OPP_GAME.app */;
			productType = "com.apple.product-type.application";
		};
/* End PBXNativeTarget section */

/* Begin PBXProject section */
		4A2A5EFA2015EFC80056A470 /* Project object */ = {
			isa = PBXProject;
			attributes = {
				LastUpgradeCheck = 0820;
				ORGANIZATIONNAME = "iDev Bao";
				TargetAttributes = {
					4A2A5F012015EFC80056A470 = {
						CreatedOnToolsVersion = 8.2.1;
						DevelopmentTeam = 93L9L9RF27;
						ProvisioningStyle = Automatic;
					};
				};
			};
			buildConfigurationList = 4A2A5EFD2015EFC80056A470 /* Build configuration list for PBXProject "OPP_GAME" */;
			compatibilityVersion = "Xcode 3.2";
			developmentRegion = English;
			hasScannedForEncodings = 0;
			knownRegions = (
				en,
				Base,
			);
			mainGroup = 4A2A5EF92015EFC80056A470;
			productRefGroup = 4A2A5F032015EFC80056A470 /* Products */;
			projectDirPath = "";
			projectRoot = "";
			targets = (
				4A2A5F012015EFC80056A470 /* OPP_GAME */,
			);
		};
/* End PBXProject section */

/* Begin PBXResourcesBuildPhase section */
		4A2A5F002015EFC80056A470 /* Resources */ = {
			isa = PBXResourcesBuildPhase;
			buildActionMask = 2147483647;
			files = (
				4A2A5F532015F48D0056A470 /* right.png in Resources */,
				4A2A5F472015F4600056A470 /* armored_item_0.png in Resources */,
				4A2A5F492015F4600056A470 /* armored_item_2.png in Resources */,
				4A2A5F4C2015F4600056A470 /* headgear_item_2.png in Resources */,
				4A2A5F3D2015F41C0056A470 /* maps.png in Resources */,
				4A2A5F152015EFC80056A470 /* LaunchScreen.storyboard in Resources */,
				4A2A5F4F2015F4600056A470 /* pan.png in Resources */,
				4A2A5F4A2015F4600056A470 /* headgear_item_0.png in Resources */,
				4A2A5F4D2015F4600056A470 /* hodie.png in Resources */,
				4A2A5F4B2015F4600056A470 /* headgear_item_1.png in Resources */,
				4A2A5F122015EFC80056A470 /* Assets.xcassets in Resources */,
				4A2A5F4E2015F4600056A470 /* Oval.png in Resources */,
				4A2A5F102015EFC80056A470 /* Main.storyboard in Resources */,
				4A2A5F522015F48D0056A470 /* left.png in Resources */,
				4A2A5F482015F4600056A470 /* armored_item_1.png in Resources */,
			);
			runOnlyForDeploymentPostprocessing = 0;
		};
/* End PBXResourcesBuildPhase section */

/* Begin PBXSourcesBuildPhase section */
		4A2A5EFE2015EFC80056A470 /* Sources */ = {
			isa = PBXSourcesBuildPhase;
			buildActionMask = 2147483647;
			files = (
				4A2A5F362015F30A0056A470 /* Pan_item.m in Sources */,
				4A2A5F302015F28B0056A470 /* HeadGear_item.m in Sources */,
				4A2A5F272015F1B50056A470 /* MainGameGunFire2018.m in Sources */,
				4A2A5F2D2015F24D0056A470 /* Armored_item.m in Sources */,
				4A2A5F2A2015F20D0056A470 /* User.m in Sources */,
				4A2A5F0A2015EFC80056A470 /* AppDelegate.m in Sources */,
				4A2A5F242015F1780056A470 /* Scene_VC.m in Sources */,
				4A2A5F332015F2C00056A470 /* Map.m in Sources */,
				4A2A5F072015EFC80056A470 /* main.m in Sources */,
				4A2A5F212015F0DA0056A470 /* Object_GG.m in Sources */,
				4A2A5F1E2015F06B0056A470 /* CGUI.m in Sources */,
			);
			runOnlyForDeploymentPostprocessing = 0;
		};
/* End PBXSourcesBuildPhase section */

/* Begin PBXVariantGroup section */
		4A2A5F0E2015EFC80056A470 /* Main.storyboard */ = {
			isa = PBXVariantGroup;
			children = (
				4A2A5F0F2015EFC80056A470 /* Base */,
			);
			name = Main.storyboard;
			sourceTree = "<group>";
		};
		4A2A5F132015EFC80056A470 /* LaunchScreen.storyboard */ = {
			isa = PBXVariantGroup;
			children = (
				4A2A5F142015EFC80056A470 /* Base */,
			);
			name = LaunchScreen.storyboard;
			sourceTree = "<group>";
		};
/* End PBXVariantGroup section */

/* Begin XCBuildConfiguration section */
		4A2A5F172015EFC80056A470 /* Debug */ = {
			isa = XCBuildConfiguration;
			buildSettings = {
				ALWAYS_SEARCH_USER_PATHS = NO;
				CLANG_ANALYZER_NONNULL = YES;
				CLANG_CXX_LANGUAGE_STANDARD = "gnu++0x";
				CLANG_CXX_LIBRARY = "libc++";
				CLANG_ENABLE_MODULES = YES;
				CLANG_ENABLE_OBJC_ARC = YES;
				CLANG_WARN_BOOL_CONVERSION = YES;
				CLANG_WARN_CONSTANT_CONVERSION = YES;
				CLANG_WARN_DIRECT_OBJC_ISA_USAGE = YES_ERROR;
				CLANG_WARN_DOCUMENTATION_COMMENTS = YES;
				CLANG_WARN_EMPTY_BODY = YES;
				CLANG_WARN_ENUM_CONVERSION = YES;
				CLANG_WARN_INFINITE_RECURSION = YES;
				CLANG_WARN_INT_CONVERSION = YES;
				CLANG_WARN_OBJC_ROOT_CLASS = YES_ERROR;
				CLANG_WARN_SUSPICIOUS_MOVE = YES;
				CLANG_WARN_UNREACHABLE_CODE = YES;
				CLANG_WARN__DUPLICATE_METHOD_MATCH = YES;
				"CODE_SIGN_IDENTITY[sdk=iphoneos*]" = "iPhone Developer";
				COPY_PHASE_STRIP = NO;
				DEBUG_INFORMATION_FORMAT = dwarf;
				ENABLE_STRICT_OBJC_MSGSEND = YES;
				ENABLE_TESTABILITY = YES;
				GCC_C_LANGUAGE_STANDARD = gnu99;
				GCC_DYNAMIC_NO_PIC = NO;
				GCC_NO_COMMON_BLOCKS = YES;
				GCC_OPTIMIZATION_LEVEL = 0;
				GCC_PREPROCESSOR_DEFINITIONS = (
					"DEBUG=1",
					"$(inherited)",
				);
				GCC_WARN_64_TO_32_BIT_CONVERSION = YES;
				GCC_WARN_ABOUT_RETURN_TYPE = YES_ERROR;
				GCC_WARN_UNDECLARED_SELECTOR = YES;
				GCC_WARN_UNINITIALIZED_AUTOS = YES_AGGRESSIVE;
				GCC_WARN_UNUSED_FUNCTION = YES;
				GCC_WARN_UNUSED_VARIABLE = YES;
				IPHONEOS_DEPLOYMENT_TARGET = 10.2;
				MTL_ENABLE_DEBUG_INFO = YES;
				ONLY_ACTIVE_ARCH = YES;
				SDKROOT = iphoneos;
			};
			name = Debug;
		};
		4A2A5F182015EFC80056A470 /* Release */ = {
			isa = XCBuildConfiguration;
			buildSettings = {
				ALWAYS_SEARCH_USER_PATHS = NO;
				CLANG_ANALYZER_NONNULL = YES;
				CLANG_CXX_LANGUAGE_STANDARD = "gnu++0x";
				CLANG_CXX_LIBRARY = "libc++";
				CLANG_ENABLE_MODULES = YES;
				CLANG_ENABLE_OBJC_ARC = YES;
				CLANG_WARN_BOOL_CONVERSION = YES;
				CLANG_WARN_CONSTANT_CONVERSION = YES;
				CLANG_WARN_DIRECT_OBJC_ISA_USAGE = YES_ERROR;
				CLANG_WARN_DOCUMENTATION_COMMENTS = YES;
				CLANG_WARN_EMPTY_BODY = YES;
				CLANG_WARN_ENUM_CONVERSION = YES;
				CLANG_WARN_INFINITE_RECURSION = YES;
				CLANG_WARN_INT_CONVERSION = YES;
				CLANG_WARN_OBJC_ROOT_CLASS = YES_ERROR;
				CLANG_WARN_SUSPICIOUS_MOVE = YES;
				CLANG_WARN_UNREACHABLE_CODE = YES;
				CLANG_WARN__DUPLICATE_METHOD_MATCH = YES;
				"CODE_SIGN_IDENTITY[sdk=iphoneos*]" = "iPhone Developer";
				COPY_PHASE_STRIP = NO;
				DEBUG_INFORMATION_FORMAT = "dwarf-with-dsym";
				ENABLE_NS_ASSERTIONS = NO;
				ENABLE_STRICT_OBJC_MSGSEND = YES;
				GCC_C_LANGUAGE_STANDARD = gnu99;
				GCC_NO_COMMON_BLOCKS = YES;
				GCC_WARN_64_TO_32_BIT_CONVERSION = YES;
				GCC_WARN_ABOUT_RETURN_TYPE = YES_ERROR;
				GCC_WARN_UNDECLARED_SELECTOR = YES;
				GCC_WARN_UNINITIALIZED_AUTOS = YES_AGGRESSIVE;
				GCC_WARN_UNUSED_FUNCTION = YES;
				GCC_WARN_UNUSED_VARIABLE = YES;
				IPHONEOS_DEPLOYMENT_TARGET = 10.2;
				MTL_ENABLE_DEBUG_INFO = NO;
				SDKROOT = iphoneos;
				VALIDATE_PRODUCT = YES;
			};
			name = Release;
		};
		4A2A5F1A2015EFC80056A470 /* Debug */ = {
			isa = XCBuildConfiguration;
			buildSettings = {
				ASSETCATALOG_COMPILER_APPICON_NAME = AppIcon;
				DEVELOPMENT_TEAM = 93L9L9RF27;
				INFOPLIST_FILE = OPP_GAME/Info.plist;
				LD_RUNPATH_SEARCH_PATHS = "$(inherited) @executable_path/Frameworks";
				PRODUCT_BUNDLE_IDENTIFIER = "com.idevbao.OPP-GAME";
				PRODUCT_NAME = "$(TARGET_NAME)";
			};
			name = Debug;
		};
		4A2A5F1B2015EFC80056A470 /* Release */ = {
			isa = XCBuildConfiguration;
			buildSettings = {
				ASSETCATALOG_COMPILER_APPICON_NAME = AppIcon;
				DEVELOPMENT_TEAM = 93L9L9RF27;
				INFOPLIST_FILE = OPP_GAME/Info.plist;
				LD_RUNPATH_SEARCH_PATHS = "$(inherited) @executable_path/Frameworks";
				PRODUCT_BUNDLE_IDENTIFIER = "com.idevbao.OPP-GAME";
				PRODUCT_NAME = "$(TARGET_NAME)";
			};
			name = Release;
		};
/* End XCBuildConfiguration section */

/* Begin XCConfigurationList section */
		4A2A5EFD2015EFC80056A470 /* Build configuration list for PBXProject "OPP_GAME" */ = {
			isa = XCConfigurationList;
			buildConfigurations = (
				4A2A5F172015EFC80056A470 /* Debug */,
				4A2A5F182015EFC80056A470 /* Release */,
			);
			defaultConfigurationIsVisible = 0;
			defaultConfigurationName = Release;
		};
		4A2A5F192015EFC80056A470 /* Build configuration list for PBXNativeTarget "OPP_GAME" */ = {
			isa = XCConfigurationList;
			buildConfigurations = (
				4A2A5F1A2015EFC80056A470 /* Debug */,
				4A2A5F1B2015EFC80056A470 /* Release */,
			);
			defaultConfigurationIsVisible = 0;
		};
/* End XCConfigurationList section */
	};
	rootObject = 4A2A5EFA2015EFC80056A470 /* Project object */;
}
